
Microsoft Visual Studio Solution File, Format Version 12.00
# Visual Studio Version 16
VisualStudioVersion = 16.0.31402.337
MinimumVisualStudioVersion = 10.0.40219.1
Project("{FAE04EC0-301F-11D3-BF4B-00C04F79EFBC}") = "Console_UI", "Console_Game\Console_UI.csproj", "{8142377B-D4E9-474B-A0D6-E18ACC370A27}"
EndProject
Project("{2150E333-8FDC-42A3-9474-1A3956D46DE8}") = "Zener_Cards", "Zener_Cards", "{489D3DAE-A118-486E-8293-240C97705E37}"
	ProjectSection(SolutionItems) = preProject
		Deck_Object.cs = Deck_Object.cs
		Player_Object.cs = Player_Object.cs
	EndProjectSection
EndProject
Global
	GlobalSection(SolutionConfigurationPlatforms) = preSolution
		Debug|Any CPU = Debug|Any CPU
		Release|Any CPU = Release|Any CPU
	EndGlobalSection
	GlobalSection(ProjectConfigurationPlatforms) = postSolution
		{8142377B-D4E9-474B-A0D6-E18ACC370A27}.Debug|Any CPU.ActiveCfg = Debug|Any CPU
		{8142377B-D4E9-474B-A0D6-E18ACC370A27}.Debug|Any CPU.Build.0 = Debug|Any CPU
		{8142377B-D4E9-474B-A0D6-E18ACC370A27}.Release|Any CPU.ActiveCfg = Release|Any CPU
		{8142377B-D4E9-474B-A0D6-E18ACC370A27}.Release|Any CPU.Build.0 = Release|Any CPU
	EndGlobalSection
	GlobalSection(SolutionProperties) = preSolution
		HideSolutionNode = FALSE
	EndGlobalSection
	GlobalSection(ExtensibilityGlobals) = postSolution
		SolutionGuid = {FE2F50DE-9A78-4902-8803-DD9A29D6E1E5}
	EndGlobalSection
EndGlobal
